
Microsoft Visual Studio Solution File, Format Version 12.00
# Visual Studio 15
VisualStudioVersion = 15.0.28307.645
MinimumVisualStudioVersion = 10.0.40219.1
Project("{FAE04EC0-301F-11D3-BF4B-00C04F79EFBC}") = "Queue.Arrey.Linkedlist", "Queue.Arrey.Linkedlist\Queue.Arrey.Linkedlist.csproj", "{9CE95346-89F2-44BD-9FF9-108E4D83C349}"
EndProject
Global
	GlobalSection(SolutionConfigurationPlatforms) = preSolution
		Debug|Any CPU = Debug|Any CPU
		Release|Any CPU = Release|Any CPU
	EndGlobalSection
	GlobalSection(ProjectConfigurationPlatforms) = postSolution
		{9CE95346-89F2-44BD-9FF9-108E4D83C349}.Debug|Any CPU.ActiveCfg = Debug|Any CPU
		{9CE95346-89F2-44BD-9FF9-108E4D83C349}.Debug|Any CPU.Build.0 = Debug|Any CPU
		{9CE95346-89F2-44BD-9FF9-108E4D83C349}.Release|Any CPU.ActiveCfg = Release|Any CPU
		{9CE95346-89F2-44BD-9FF9-108E4D83C349}.Release|Any CPU.Build.0 = Release|Any CPU
	EndGlobalSection
	GlobalSection(SolutionProperties) = preSolution
		HideSolutionNode = FALSE
	EndGlobalSection
	GlobalSection(ExtensibilityGlobals) = postSolution
		SolutionGuid = {5508B4F9-0E6B-429E-BBBB-F8DDA4974038}
	EndGlobalSection
EndGlobal
